Microsoft Visual Studio Solution File, Format Version 12.00
# Visual Studio Version 17
VisualStudioVersion = 17.5.2.0
MinimumVisualStudioVersion = 10.0.40219.1
Project("{FAE04EC0-301F-11D3-BF4B-00C04F79EFBC}") = "HealthSupervision", "HealthSupervision.csproj", "{CEAA890F-1736-7F34-016A-4A4B020324BB}"
EndProject
Global
	GlobalSection(SolutionConfigurationPlatforms) = preSolution
		Debug|Any CPU = Debug|Any CPU
		Release|Any CPU = Release|Any CPU
	EndGlobalSection
	GlobalSection(ProjectConfigurationPlatforms) = postSolution
		{CEAA890F-1736-7F34-016A-4A4B020324BB}.Debug|Any CPU.ActiveCfg = Debug|Any CPU
		{CEAA890F-1736-7F34-016A-4A4B020324BB}.Debug|Any CPU.Build.0 = Debug|Any CPU
		{CEAA890F-1736-7F34-016A-4A4B020324BB}.Release|Any CPU.ActiveCfg = Release|Any CPU
		{CEAA890F-1736-7F34-016A-4A4B020324BB}.Release|Any CPU.Build.0 = Release|Any CPU
	EndGlobalSection
	GlobalSection(SolutionProperties) = preSolution
		HideSolutionNode = FALSE
	EndGlobalSection
	GlobalSection(ExtensibilityGlobals) = postSolution
		SolutionGuid = {E8F7542D-D33A-4D39-8FC4-923E3FBF9A04}
	EndGlobalSection
EndGlobal
